Microsoft Visual Studio Solution File, Format Version 12.00
# Visual Studio Version 17
VisualStudioVersion = 17.5.2.0
MinimumVisualStudioVersion = 10.0.40219.1
Project("{FAE04EC0-301F-11D3-BF4B-00C04F79EFBC}") = "Rubix", "Rubix.csproj", "{5514C7E0-4919-6830-28BA-E184CAE46D44}"
EndProject
Global
	GlobalSection(SolutionConfigurationPlatforms) = preSolution
		Debug|Any CPU = Debug|Any CPU
		Release|Any CPU = Release|Any CPU
	EndGlobalSection
	GlobalSection(ProjectConfigurationPlatforms) = postSolution
		{5514C7E0-4919-6830-28BA-E184CAE46D44}.Debug|Any CPU.ActiveCfg = Debug|Any CPU
		{5514C7E0-4919-6830-28BA-E184CAE46D44}.Debug|Any CPU.Build.0 = Debug|Any CPU
		{5514C7E0-4919-6830-28BA-E184CAE46D44}.Release|Any CPU.ActiveCfg = Release|Any CPU
		{5514C7E0-4919-6830-28BA-E184CAE46D44}.Release|Any CPU.Build.0 = Release|Any CPU
	EndGlobalSection
	GlobalSection(SolutionProperties) = preSolution
		HideSolutionNode = FALSE
	EndGlobalSection
	GlobalSection(ExtensibilityGlobals) = postSolution
		SolutionGuid = {FDAE975F-5011-41B0-9F00-136FF21B637E}
	EndGlobalSection
EndGlobal
